
Microsoft Visual Studio Solution File, Format Version 12.00
# Visual Studio Version 16
VisualStudioVersion = 16.0.31112.23
MinimumVisualStudioVersion = 10.0.40219.1
Project("{FAE04EC0-301F-11D3-BF4B-00C04F79EFBC}") = "UnityWebsocketServer", "UnityWebsocketServer\UnityWebsocketServer.csproj", "{EE2229C5-3D00-4DB2-8910-6B90FDD3AD46}"
EndProject
Global
	GlobalSection(SolutionConfigurationPlatforms) = preSolution
		Debug|Any CPU = Debug|Any CPU
		Release|Any CPU = Release|Any CPU
	EndGlobalSection
	GlobalSection(ProjectConfigurationPlatforms) = postSolution
		{EE2229C5-3D00-4DB2-8910-6B90FDD3AD46}.Debug|Any CPU.ActiveCfg = Debug|Any CPU
		{EE2229C5-3D00-4DB2-8910-6B90FDD3AD46}.Debug|Any CPU.Build.0 = Debug|Any CPU
		{EE2229C5-3D00-4DB2-8910-6B90FDD3AD46}.Release|Any CPU.ActiveCfg = Release|Any CPU
		{EE2229C5-3D00-4DB2-8910-6B90FDD3AD46}.Release|Any CPU.Build.0 = Release|Any CPU
	EndGlobalSection
	GlobalSection(SolutionProperties) = preSolution
		HideSolutionNode = FALSE
	EndGlobalSection
	GlobalSection(ExtensibilityGlobals) = postSolution
		SolutionGuid = {CC502659-4687-4724-87D2-A4369DEB9E21}
	EndGlobalSection
EndGlobal
